
Microsoft Visual Studio Solution File, Format Version 12.00
# Visual Studio Version 17
VisualStudioVersion = 17.5.002.0
MinimumVisualStudioVersion = 10.0.40219.1
Project("{9A19103F-16F7-4668-BE54-9A1E7A4F7556}") = "jogoultimo", "jogoultimo\jogoultimo.csproj", "{B83AE07A-E7EA-4450-83FC-5E45E4B97211}"
EndProject
Global
	GlobalSection(SolutionConfigurationPlatforms) = preSolution
		Debug|Any CPU = Debug|Any CPU
		Release|Any CPU = Release|Any CPU
	EndGlobalSection
	GlobalSection(ProjectConfigurationPlatforms) = postSolution
		{B83AE07A-E7EA-4450-83FC-5E45E4B97211}.Debug|Any CPU.ActiveCfg = Debug|Any CPU
		{B83AE07A-E7EA-4450-83FC-5E45E4B97211}.Debug|Any CPU.Build.0 = Debug|Any CPU
		{B83AE07A-E7EA-4450-83FC-5E45E4B97211}.Release|Any CPU.ActiveCfg = Release|Any CPU
		{B83AE07A-E7EA-4450-83FC-5E45E4B97211}.Release|Any CPU.Build.0 = Release|Any CPU
	EndGlobalSection
	GlobalSection(SolutionProperties) = preSolution
		HideSolutionNode = FALSE
	EndGlobalSection
	GlobalSection(ExtensibilityGlobals) = postSolution
		SolutionGuid = {E580110B-6693-4620-8592-0737B2CBA451}
	EndGlobalSection
EndGlobal
